github.com/ALiwoto/StrongStringGo v1.0.5 h1:MIm+NIqPnZQPBlvZElcmjbdU1C4BY4wXraND8uwU9zI=
github.com/ALiwoto/StrongStringGo v1.0.5/go.mod h1:t7WxtiphnwdgJaq443DSCAw7q+Ut3V8Pg1kT6IcdKmE=
github.com/ALiwoto/StrongStringGo v1.0.9 h1:sQp7A0a3enAY9gvAU5kvzht+IexYZ/UEu3XyV/++GQU=
github.com/ALiwoto/StrongStringGo v1.0.9/go.mod h1:t7WxtiphnwdgJaq443DSCAw7q+Ut3V8Pg1kT6IcdKmE=
github.com/ALiwoto/StrongStringGo v1.0.12 h1:CLO2viBuypFlM71khPXlyRwYq6ClBFvLj3so/6TwDmQ=
github.com/ALiwoto/StrongStringGo v1.0.12/go.mod h1:/DG8OuGgqkTxSPXxFKzz8YihHF57/Fa8JLl6NhXAbbQ=
github.com/PaulSonOfLars/gotgbot/v2 v2.0.0-rc.1 h1:TDob1M3ljHPSZQyPFOZ6ZjOfF4GoYtDA+lfTzd+8Yew=
github.com/PaulSonOfLars/gotgbot/v2 v2.0.0-rc.1/go.mod h1:r815fYWTudnU9JhtsJAxUtuV7QrSgKpChJkfTSMFpfg=
github.com/PaulSonOfLars/gotgbot/v2 v2.0.0-rc.5 h1:GLCx93Np2zSj+cb9go0uLcYxgSS4gqTYLfv/mC1VERE=
github.com/PaulSonOfLars/gotgbot/v2 v2.0.0-rc.5/go.mod h1:r815fYWTudnU9JhtsJAxUtuV7QrSgKpChJkfTSMFpfg=
github.com/PaulSonOfLars/gotgbot/v2 v2.0.0-rc.6 h1:MoFt/Ff7+IX9Qq/w67xHV3UFSyhbctjHhd/pq+ujQr0=
github.com/PaulSonOfLars/gotgbot/v2 v2.0.0-rc.6/go.mod h1:r815fYWTudnU9JhtsJAxUtuV7QrSgKpChJkfTSMFpfg=
